
Microsoft Visual Studio Solution File, Format Version 12.00
# Visual Studio Version 17
VisualStudioVersion = 17.11.35312.102
MinimumVisualStudioVersion = 10.0.40219.1
Project("{FAE04EC0-301F-11D3-BF4B-00C04F79EFBC}") = "GUI CW New", "GUI CW New\GUI CW New.csproj", "{FE6E996A-95A2-4621-8D98-8D70C38CEAF2}"
EndProject
Global
	GlobalSection(SolutionConfigurationPlatforms) = preSolution
		Debug|Any CPU = Debug|Any CPU
		Release|Any CPU = Release|Any CPU
	EndGlobalSection
	GlobalSection(ProjectConfigurationPlatforms) = postSolution
		{FE6E996A-95A2-4621-8D98-8D70C38CEAF2}.Debug|Any CPU.ActiveCfg = Debug|Any CPU
		{FE6E996A-95A2-4621-8D98-8D70C38CEAF2}.Debug|Any CPU.Build.0 = Debug|Any CPU
		{FE6E996A-95A2-4621-8D98-8D70C38CEAF2}.Release|Any CPU.ActiveCfg = Release|Any CPU
		{FE6E996A-95A2-4621-8D98-8D70C38CEAF2}.Release|Any CPU.Build.0 = Release|Any CPU
	EndGlobalSection
	GlobalSection(SolutionProperties) = preSolution
		HideSolutionNode = FALSE
	EndGlobalSection
	GlobalSection(ExtensibilityGlobals) = postSolution
		SolutionGuid = {976FAAA9-8097-48AF-93B1-BB8BA8C67447}
	EndGlobalSection
EndGlobal
